github.com/emersion/go-sasl v0.0.0-20200509203442-7bfe0ed36a21/go.mod h1:iL2twTeMvZnrg54ZoPDNfJaJaqy0xIQFuBdrLsmspwQ=
github.com/emersion/go-sasl v0.0.0-20231106173351-e73c9f7bad43 h1:hH4PQfOndHDlpzYfLAAfl63E8Le6F2+EL/cdhlkyRJY=
github.com/emersion/go-sasl v0.0.0-20231106173351-e73c9f7bad43/go.mod h1:iL2twTeMvZnrg54ZoPDNfJaJaqy0xIQFuBdrLsmspwQ=
github.com/emersion/go-smtp v0.21.2 h1:OLDgvZKuofk4em9fT5tFG5j4jE1/hXnX75UMvcrL4AA=
github.com/emersion/go-smtp v0.21.2/go.mod h1:qm27SGYgoIPRot6ubfQ/GpiPy/g3PaZAVRxiO/sDUgQ=
